
Microsoft Visual Studio Solution File, Format Version 12.00
# Visual Studio Version 16
VisualStudioVersion = 16.0.31112.23
MinimumVisualStudioVersion = 10.0.40219.1
Project("{FAE04EC0-301F-11D3-BF4B-00C04F79EFBC}") = "ZodiacClient", "ZodiacClient\ZodiacClient.csproj", "{84E62D4B-7119-4E5B-9962-338C9AB728B9}"
EndProject
Global
	GlobalSection(SolutionConfigurationPlatforms) = preSolution
		Debug|Any CPU = Debug|Any CPU
		Release|Any CPU = Release|Any CPU
	EndGlobalSection
	GlobalSection(ProjectConfigurationPlatforms) = postSolution
		{84E62D4B-7119-4E5B-9962-338C9AB728B9}.Debug|Any CPU.ActiveCfg = Debug|Any CPU
		{84E62D4B-7119-4E5B-9962-338C9AB728B9}.Debug|Any CPU.Build.0 = Debug|Any CPU
		{84E62D4B-7119-4E5B-9962-338C9AB728B9}.Release|Any CPU.ActiveCfg = Release|Any CPU
		{84E62D4B-7119-4E5B-9962-338C9AB728B9}.Release|Any CPU.Build.0 = Release|Any CPU
	EndGlobalSection
	GlobalSection(SolutionProperties) = preSolution
		HideSolutionNode = FALSE
	EndGlobalSection
	GlobalSection(ExtensibilityGlobals) = postSolution
		SolutionGuid = {AC6DAFFA-C090-4E86-96F0-8DA5424C875F}
	EndGlobalSection
EndGlobal
